
Microsoft Visual Studio Solution File, Format Version 11.00
# Visual C++ Express 2010
Project("{8BC9CEB8-8B4A-11D0-8D11-00A0C91BC942}") = "sfml-test", "sfml-test\sfml-test.vcxproj", "{3A1423F0-5DFB-4374-817D-3993054640A9}"
EndProject
Global
	GlobalSection(SolutionConfigurationPlatforms) = preSolution
		Debug|Win32 = Debug|Win32
		Release|Win32 = Release|Win32
	EndGlobalSection
	GlobalSection(ProjectConfigurationPlatforms) = postSolution
		{3A1423F0-5DFB-4374-817D-3993054640A9}.Debug|Win32.ActiveCfg = Debug|Win32
		{3A1423F0-5DFB-4374-817D-3993054640A9}.Debug|Win32.Build.0 = Debug|Win32
		{3A1423F0-5DFB-4374-817D-3993054640A9}.Release|Win32.ActiveCfg = Release|Win32
		{3A1423F0-5DFB-4374-817D-3993054640A9}.Release|Win32.Build.0 = Release|Win32
	EndGlobalSection
	GlobalSection(SolutionProperties) = preSolution
		HideSolutionNode = FALSE
	EndGlobalSection
EndGlobal
